PODS:
  - Alamofire (4.0.1)
  - BSGridCollectionViewLayout (1.2.0)
  - BSImagePicker (2.5.1):
    - BSGridCollectionViewLayout (~> 1.2.0)
    - UIImageViewModeScaleAspect (= 1.5)
  - Kingfisher (3.1.4)
  - ObjectMapper (2.2.0)
  - SVProgressHUD (2.0.3)
  - SwiftyJSON (3.1.1)
  - UIColor_Hex_Swift (3.0.2)
  - UIImageViewModeScaleAspect (1.5)
  - XCGLogger (4.0.0):
    - XCGLogger/Core (= 4.0.0)
  - XCGLogger/Core (4.0.0)

DEPENDENCIES:
  - Alamofire
  - BSImagePicker
  - Kingfisher
  - ObjectMapper
  - SVProgressHUD
  - SwiftyJSON
  - UIColor_Hex_Swift
  - XCGLogger

SPEC CHECKSUMS:
  Alamofire: 7682d43245de14874acd142ec137b144aa1dd335
  BSGridCollectionViewLayout: 8f12c8e1e08c47057f5a39a6828f4395f043d78f
  BSImagePicker: 1f98e14efddf550494ef08c560422505456d4058
  Kingfisher: 6c67e3e57f2d81a9cfdfa25052cd86f33ceac9bb
  ObjectMapper: 4060d739febae11ab0c6af8d786f98667c82e1bd
  SVProgressHUD: b0830714205bea1317ea1a2ebc71e5633af334d4
  SwiftyJSON: f0be2e604f83e8405a624e9f891898bf6ed4e019
  UIColor_Hex_Swift: 95f718452092a3efc8a827dffd2c04d3237be02d
  UIImageViewModeScaleAspect: 11a790a0b9d248a13dc63e3a78991f1463b6d84e
  XCGLogger: 38063ea89b4c8b23232d18efd2e12eb0005f3ea4

PODFILE CHECKSUM: 64f091e77870d08d5402b9ab4c48782c200c5f12

COCOAPODS: 1.1.1
